{
  "version": 4,
  "terraform_version": "1.15.8",
  "serial": 16,
  "lineage": "d5a4dc09-aef9-3594-ddc1-6235abb4c28c",
  "outputs": {
    "random_password": {
      "value": "my password is: Qav8s3bPa33GPToX",
      "type": "string",
      "sensitive": true
    }
  },
  "resources": [
    {
      "mode": "managed",
      "type": "local_file",
      "name": "example",
      "provider": "provider[\"registry.terraform.io/hashicorp/local\"]",
      "instances": [
        {
          "schema_version": 0,
          "attributes": {
            "content": "  Value of the file content: File content from auto.tfvars. Boolean value: true\n\n  Random pet: my-pet-easy-swift\n\n  Second fruit: banana\n\n  Person name: Luiz\n  Person age: 31\n\n  Person name: Luiz\n  Person age: 31\n",
            "content_base64": null,
            "content_base64sha256": "a5V+/Dip9b0oSBp5OaoygFK7bL5ARmc1HbLUb6VdF/o=",
            "content_base64sha512": "pxKi6/suRomADKJ1y+QTc8ghuje9m4S6cVrpuYqNaK6CUU1Z3E5C5rj8rShrgf/9mFCKvDnHeGi7jNM0Q+u/8w==",
            "content_md5": "79a9e044a1cbbae5879ae8b73b86a565",
            "content_sha1": "51b7335934d487d3b9b5ac53724961d70661877d",
            "content_sha256": "6b957efc38a9f5bd28481a7939aa328052bb6cbe404667351db2d46fa55d17fa",
            "content_sha512": "a712a2ebfb2e4689800ca275cbe41373c821ba37bd9b84ba715ae9b98a8d68ae82514d59dc4e42e6b8fcad286b81fffd98508abc39c77868bb8cd33443ebbff3",
            "directory_permission": "0777",
            "file_permission": "0777",
            "filename": "example.txt",
            "id": "51b7335934d487d3b9b5ac53724961d70661877d",
            "sensitive_content": null,
            "source": null
          },
          "sensitive_attributes": [
            [
              {
                "type": "get_attr",
                "value": "sensitive_content"
              }
            ]
          ],
          "identity_schema_version": 0,
          "dependencies": [
            "random_pet.my_pet"
          ]
        }
      ]
    },
    {
      "mode": "managed",
      "type": "random_password",
      "name": "my_password",
      "provider": "provider[\"registry.terraform.io/hashicorp/random\"]",
      "instances": [
        {
          "schema_version": 3,
          "attributes": {
            "bcrypt_hash": "$2a$10$w1tA1TNBXwih0FyQ3ohG6OlsnEuF/uvaOX6qs.GmJS5nyAZ7hn33C",
            "id": "none",
            "keepers": null,
            "length": 16,
            "lower": true,
            "min_lower": 0,
            "min_numeric": 0,
            "min_special": 0,
            "min_upper": 0,
            "number": true,
            "numeric": true,
            "override_special": null,
            "result": "Qav8s3bPa33GPToX",
            "special": false,
            "upper": true
          },
          "sensitive_attributes": [
            [
              {
                "type": "get_attr",
                "value": "bcrypt_hash"
              }
            ],
            [
              {
                "type": "get_attr",
                "value": "result"
              }
            ]
          ],
          "identity_schema_version": 0
        }
      ]
    },
    {
      "mode": "managed",
      "type": "random_pet",
      "name": "my_pet",
      "provider": "provider[\"registry.terraform.io/hashicorp/random\"]",
      "instances": [
        {
          "schema_version": 0,
          "attributes": {
            "id": "my-pet-easy-swift",
            "keepers": null,
            "length": 2,
            "prefix": "my-pet",
            "separator": "-"
          },
          "sensitive_attributes": [],
          "identity_schema_version": 0
        }
      ]
    }
  ],
  "check_results": null
}
