{
  "version": 4,
  "terraform_version": "1.15.8",
  "serial": 19,
  "lineage": "d5a4dc09-aef9-3594-ddc1-6235abb4c28c",
  "outputs": {
    "random_password": {
      "value": "my password is: Qav8s3bPa33GPToX",
      "type": "string",
      "sensitive": true
    }
  },
  "resources": [
    {
      "mode": "managed",
      "type": "local_file",
      "name": "example",
      "provider": "provider[\"registry.terraform.io/hashicorp/local\"]",
      "instances": [
        {
          "schema_version": 0,
          "attributes": {
            "content": "  Value of the file content: File content from auto.tfvars. Boolean value: true\n\n  Random pet: my-pet-easy-swift\n\n  Random password: none\n\n  Second fruit: banana\n\n  Person name: Luiz\n  Person age: 31\n\n  Person name: Luiz\n  Person age: 31\n",
            "content_base64": null,
            "content_base64sha256": "94qSus9K4I5SsY86tl8PeE5bsZ9P686VbXycXs4X5BA=",
            "content_base64sha512": "3pOHDN5mT4D884jLtFpOUmqk6Scq5Thkguv0oiviFN21CaRq1KgkCeJWPa6c6WkSNw0qI+wTzGx2sNDmBZiRMg==",
            "content_md5": "2dbb855b239addd87d203eb79bfd29bc",
            "content_sha1": "25b91c05f9862bb3b2a3937c1b9a3826a18c5aa3",
            "content_sha256": "f78a92bacf4ae08e52b18f3ab65f0f784e5bb19f4febce956d7c9c5ece17e410",
            "content_sha512": "de93870cde664f80fcf388cbb45a4e526aa4e9272ae5386482ebf4a22be214ddb509a46ad4a82409e2563dae9ce96912370d2a23ec13cc6c76b0d0e605989132",
            "directory_permission": "0777",
            "file_permission": "0777",
            "filename": "example.txt",
            "id": "25b91c05f9862bb3b2a3937c1b9a3826a18c5aa3",
            "sensitive_content": null,
            "source": null
          },
          "sensitive_attributes": [
            [
              {
                "type": "get_attr",
                "value": "sensitive_content"
              }
            ]
          ],
          "identity_schema_version": 0,
          "dependencies": [
            "random_password.my_password",
            "random_pet.my_pet"
          ]
        }
      ]
    },
    {
      "mode": "managed",
      "type": "random_password",
      "name": "my_password",
      "provider": "provider[\"registry.terraform.io/hashicorp/random\"]",
      "instances": [
        {
          "schema_version": 3,
          "attributes": {
            "bcrypt_hash": "$2a$10$w1tA1TNBXwih0FyQ3ohG6OlsnEuF/uvaOX6qs.GmJS5nyAZ7hn33C",
            "id": "none",
            "keepers": null,
            "length": 16,
            "lower": true,
            "min_lower": 0,
            "min_numeric": 0,
            "min_special": 0,
            "min_upper": 0,
            "number": true,
            "numeric": true,
            "override_special": null,
            "result": "Qav8s3bPa33GPToX",
            "special": false,
            "upper": true
          },
          "sensitive_attributes": [
            [
              {
                "type": "get_attr",
                "value": "bcrypt_hash"
              }
            ],
            [
              {
                "type": "get_attr",
                "value": "result"
              }
            ]
          ],
          "identity_schema_version": 0
        }
      ]
    },
    {
      "mode": "managed",
      "type": "random_pet",
      "name": "my_pet",
      "provider": "provider[\"registry.terraform.io/hashicorp/random\"]",
      "instances": [
        {
          "schema_version": 0,
          "attributes": {
            "id": "my-pet-easy-swift",
            "keepers": null,
            "length": 2,
            "prefix": "my-pet",
            "separator": "-"
          },
          "sensitive_attributes": [],
          "identity_schema_version": 0
        }
      ]
    }
  ],
  "check_results": null
}
